
Microsoft Visual Studio Solution File, Format Version 12.00
# Visual Studio Version 17
VisualStudioVersion = 17.10.35027.167
MinimumVisualStudioVersion = 10.0.40219.1
Project("{9A19103F-16F7-4668-BE54-9A1E7A4F7556}") = "Exchanger.Tests", "Exchanger.Tests.csproj", "{839E87A8-2C0E-43E1-AB96-D7DAF9D54381}"
EndProject
Global
	GlobalSection(SolutionConfigurationPlatforms) = preSolution
		Debug|Any CPU = Debug|Any CPU
		Release|Any CPU = Release|Any CPU
	EndGlobalSection
	GlobalSection(ProjectConfigurationPlatforms) = postSolution
		{839E87A8-2C0E-43E1-AB96-D7DAF9D54381}.Debug|Any CPU.ActiveCfg = Debug|Any CPU
		{839E87A8-2C0E-43E1-AB96-D7DAF9D54381}.Debug|Any CPU.Build.0 = Debug|Any CPU
		{839E87A8-2C0E-43E1-AB96-D7DAF9D54381}.Release|Any CPU.ActiveCfg = Release|Any CPU
		{839E87A8-2C0E-43E1-AB96-D7DAF9D54381}.Release|Any CPU.Build.0 = Release|Any CPU
	EndGlobalSection
	GlobalSection(SolutionProperties) = preSolution
		HideSolutionNode = FALSE
	EndGlobalSection
	GlobalSection(ExtensibilityGlobals) = postSolution
		SolutionGuid = {A9140241-1735-41DA-9A37-76584B667BD1}
	EndGlobalSection
EndGlobal
